
Microsoft Visual Studio Solution File, Format Version 12.00
# Visual Studio Version 17
VisualStudioVersion = 17.12.35514.174
MinimumVisualStudioVersion = 10.0.40219.1
Project("{FAE04EC0-301F-11D3-BF4B-00C04F79EFBC}") = "project2", "project2\project2.csproj", "{DF295B20-36E8-4AE0-9C62-F34EDB58690B}"
EndProject
Project("{2150E333-8FDC-42A3-9474-1A3956D46DE8}") = "Solution Items", "Solution Items", "{B156605F-CA83-4CCA-8113-5CB543E0E5B1}"
	ProjectSection(SolutionItems) = preProject
		project2\Properties\AssemblyInfo.cs = project2\Properties\AssemblyInfo.cs
	EndProjectSection
EndProject
Global
	GlobalSection(SolutionConfigurationPlatforms) = preSolution
		Debug|Any CPU = Debug|Any CPU
		Release|Any CPU = Release|Any CPU
	EndGlobalSection
	GlobalSection(ProjectConfigurationPlatforms) = postSolution
		{DF295B20-36E8-4AE0-9C62-F34EDB58690B}.Debug|Any CPU.ActiveCfg = Debug|Any CPU
		{DF295B20-36E8-4AE0-9C62-F34EDB58690B}.Debug|Any CPU.Build.0 = Debug|Any CPU
		{DF295B20-36E8-4AE0-9C62-F34EDB58690B}.Release|Any CPU.ActiveCfg = Release|Any CPU
		{DF295B20-36E8-4AE0-9C62-F34EDB58690B}.Release|Any CPU.Build.0 = Release|Any CPU
	EndGlobalSection
	GlobalSection(SolutionProperties) = preSolution
		HideSolutionNode = FALSE
	EndGlobalSection
EndGlobal
